
Microsoft Visual Studio Solution File, Format Version 12.00
# Visual Studio Version 17
VisualStudioVersion = 17.5.33530.505
MinimumVisualStudioVersion = 10.0.40219.1
Project("{9A19103F-16F7-4668-BE54-9A1E7A4F7556}") = "MentalMural.Server", "MentalMural\Server\MentalMural.Server.csproj", "{CF7F417B-242F-4490-B312-56ECA645B090}"
EndProject
Project("{9A19103F-16F7-4668-BE54-9A1E7A4F7556}") = "MentalMural.Client", "MentalMural\Client\MentalMural.Client.csproj", "{17AE50F0-87C4-441A-BCE4-CADF67875900}"
EndProject
Project("{9A19103F-16F7-4668-BE54-9A1E7A4F7556}") = "MentalMural.Shared", "MentalMural\Shared\MentalMural.Shared.csproj", "{66F66B8D-53EE-45A2-B022-144FBE93803D}"
EndProject
Global
	GlobalSection(SolutionConfigurationPlatforms) = preSolution
		Debug|Any CPU = Debug|Any CPU
		Release|Any CPU = Release|Any CPU
	EndGlobalSection
	GlobalSection(ProjectConfigurationPlatforms) = postSolution
		{CF7F417B-242F-4490-B312-56ECA645B090}.Debug|Any CPU.ActiveCfg = Debug|Any CPU
		{CF7F417B-242F-4490-B312-56ECA645B090}.Debug|Any CPU.Build.0 = Debug|Any CPU
		{CF7F417B-242F-4490-B312-56ECA645B090}.Release|Any CPU.ActiveCfg = Release|Any CPU
		{CF7F417B-242F-4490-B312-56ECA645B090}.Release|Any CPU.Build.0 = Release|Any CPU
		{17AE50F0-87C4-441A-BCE4-CADF67875900}.Debug|Any CPU.ActiveCfg = Debug|Any CPU
		{17AE50F0-87C4-441A-BCE4-CADF67875900}.Debug|Any CPU.Build.0 = Debug|Any CPU
		{17AE50F0-87C4-441A-BCE4-CADF67875900}.Release|Any CPU.ActiveCfg = Release|Any CPU
		{17AE50F0-87C4-441A-BCE4-CADF67875900}.Release|Any CPU.Build.0 = Release|Any CPU
		{66F66B8D-53EE-45A2-B022-144FBE93803D}.Debug|Any CPU.ActiveCfg = Debug|Any CPU
		{66F66B8D-53EE-45A2-B022-144FBE93803D}.Debug|Any CPU.Build.0 = Debug|Any CPU
		{66F66B8D-53EE-45A2-B022-144FBE93803D}.Release|Any CPU.ActiveCfg = Release|Any CPU
		{66F66B8D-53EE-45A2-B022-144FBE93803D}.Release|Any CPU.Build.0 = Release|Any CPU
	EndGlobalSection
	GlobalSection(SolutionProperties) = preSolution
		HideSolutionNode = FALSE
	EndGlobalSection
	GlobalSection(ExtensibilityGlobals) = postSolution
		SolutionGuid = {8C114F7C-687B-4B8B-AC55-728281F72658}
	EndGlobalSection
EndGlobal
